
Microsoft Visual Studio Solution File, Format Version 12.00
# Visual Studio 15
VisualStudioVersion = 15.0.27703.2035
MinimumVisualStudioVersion = 10.0.40219.1
Project("{FAE04EC0-301F-11D3-BF4B-00C04F79EFBC}") = "FirstApp.Android", "FirstApp\FirstApp.Android\FirstApp.Android.csproj", "{897EFCA3-8F3A-49E1-AA0B-529B5574EB0A}"
EndProject
Project("{FAE04EC0-301F-11D3-BF4B-00C04F79EFBC}") = "FirstApp.iOS", "FirstApp\FirstApp.iOS\FirstApp.iOS.csproj", "{FAD04761-9D22-42B5-BDF3-A055DD50D37E}"
EndProject
Project("{FAE04EC0-301F-11D3-BF4B-00C04F79EFBC}") = "FirstApp.UWP", "FirstApp\FirstApp.UWP\FirstApp.UWP.csproj", "{436790C6-DFCC-49E7-8541-D0523D3916E6}"
EndProject
Project("{FAE04EC0-301F-11D3-BF4B-00C04F79EFBC}") = "FirstApp", "FirstApp\FirstApp\FirstApp.csproj", "{18B4F568-8C05-4802-9953-4F3E0068E9BC}"
EndProject
Global
	GlobalSection(SolutionConfigurationPlatforms) = preSolution
		Ad-Hoc|Any CPU = Ad-Hoc|Any CPU
		Ad-Hoc|ARM = Ad-Hoc|ARM
		Ad-Hoc|iPhone = Ad-Hoc|iPhone
		Ad-Hoc|iPhoneSimulator = Ad-Hoc|iPhoneSimulator
		Ad-Hoc|x64 = Ad-Hoc|x64
		Ad-Hoc|x86 = Ad-Hoc|x86
		AppStore|Any CPU = AppStore|Any CPU
		AppStore|ARM = AppStore|ARM
		AppStore|iPhone = AppStore|iPhone
		AppStore|iPhoneSimulator = AppStore|iPhoneSimulator
		AppStore|x64 = AppStore|x64
		AppStore|x86 = AppStore|x86
		Debug|Any CPU = Debug|Any CPU
		Debug|ARM = Debug|ARM
		Debug|iPhone = Debug|iPhone
		Debug|iPhoneSimulator = Debug|iPhoneSimulator
		Debug|x64 = Debug|x64
		Debug|x86 = Debug|x86
		Release|Any CPU = Release|Any CPU
		Release|ARM = Release|ARM
		Release|iPhone = Release|iPhone
		Release|iPhoneSimulator = Release|iPhoneSimulator
		Release|x64 = Release|x64
		Release|x86 = Release|x86
	EndGlobalSection
	GlobalSection(ProjectConfigurationPlatforms) = postSolution
		{897EFCA3-8F3A-49E1-AA0B-529B5574EB0A}.Ad-Hoc|Any CPU.ActiveCfg = Release|Any CPU
		{897EFCA3-8F3A-49E1-AA0B-529B5574EB0A}.Ad-Hoc|Any CPU.Build.0 = Release|Any CPU
		{897EFCA3-8F3A-49E1-AA0B-529B5574EB0A}.Ad-Hoc|Any CPU.Deploy.0 = Release|Any CPU
		{897EFCA3-8F3A-49E1-AA0B-529B5574EB0A}.Ad-Hoc|ARM.ActiveCfg = Release|Any CPU
		{897EFCA3-8F3A-49E1-AA0B-529B5574EB0A}.Ad-Hoc|ARM.Build.0 = Release|Any CPU
		{897EFCA3-8F3A-49E1-AA0B-529B5574EB0A}.Ad-Hoc|ARM.Deploy.0 = Release|Any CPU
		{897EFCA3-8F3A-49E1-AA0B-529B5574EB0A}.Ad-Hoc|iPhone.ActiveCfg = Release|Any CPU
		{897EFCA3-8F3A-49E1-AA0B-529B5574EB0A}.Ad-Hoc|iPhone.Build.0 = Release|Any CPU
		{897EFCA3-8F3A-49E1-AA0B-529B5574EB0A}.Ad-Hoc|iPhone.Deploy.0 = Release|Any CPU
		{897EFCA3-8F3A-49E1-AA0B-529B5574EB0A}.Ad-Hoc|iPhoneSimulator.ActiveCfg = Release|Any CPU
		{897EFCA3-8F3A-49E1-AA0B-529B5574EB0A}.Ad-Hoc|iPhoneSimulator.Build.0 = Release|Any CPU
		{897EFCA3-8F3A-49E1-AA0B-529B5574EB0A}.Ad-Hoc|iPhoneSimulator.Deploy.0 = Release|Any CPU
		{897EFCA3-8F3A-49E1-AA0B-529B5574EB0A}.Ad-Hoc|x64.ActiveCfg = Release|Any CPU
		{897EFCA3-8F3A-49E1-AA0B-529B5574EB0A}.Ad-Hoc|x64.Build.0 = Release|Any CPU
		{897EFCA3-8F3A-49E1-AA0B-529B5574EB0A}.Ad-Hoc|x64.Deploy.0 = Release|Any CPU
		{897EFCA3-8F3A-49E1-AA0B-529B5574EB0A}.Ad-Hoc|x86.ActiveCfg = Release|Any CPU
		{897EFCA3-8F3A-49E1-AA0B-529B5574EB0A}.Ad-Hoc|x86.Build.0 = Release|Any CPU
		{897EFCA3-8F3A-49E1-AA0B-529B5574EB0A}.Ad-Hoc|x86.Deploy.0 = Release|Any CPU
		{897EFCA3-8F3A-49E1-AA0B-529B5574EB0A}.AppStore|Any CPU.ActiveCfg = Release|Any CPU
		{897EFCA3-8F3A-49E1-AA0B-529B5574EB0A}.AppStore|Any CPU.Build.0 = Release|Any CPU
		{897EFCA3-8F3A-49E1-AA0B-529B5574EB0A}.AppStore|Any CPU.Deploy.0 = Release|Any CPU
		{897EFCA3-8F3A-49E1-AA0B-529B5574EB0A}.AppStore|ARM.ActiveCfg = Release|Any CPU
		{897EFCA3-8F3A-49E1-AA0B-529B5574EB0A}.AppStore|ARM.Build.0 = Release|Any CPU
		{897EFCA3-8F3A-49E1-AA0B-529B5574EB0A}.AppStore|ARM.Deploy.0 = Release|Any CPU
		{897EFCA3-8F3A-49E1-AA0B-529B5574EB0A}.AppStore|iPhone.ActiveCfg = Release|Any CPU
		{897EFCA3-8F3A-49E1-AA0B-529B5574EB0A}.AppStore|iPhone.Build.0 = Release|Any CPU
		{897EFCA3-8F3A-49E1-AA0B-529B5574EB0A}.AppStore|iPhone.Deploy.0 = Release|Any CPU
		{897EFCA3-8F3A-49E1-AA0B-529B5574EB0A}.AppStore|iPhoneSimulator.ActiveCfg = Release|Any CPU
		{897EFCA3-8F3A-49E1-AA0B-529B5574EB0A}.AppStore|iPhoneSimulator.Build.0 = Release|Any CPU
		{897EFCA3-8F3A-49E1-AA0B-529B5574EB0A}.AppStore|iPhoneSimulator.Deploy.0 = Release|Any CPU
		{897EFCA3-8F3A-49E1-AA0B-529B5574EB0A}.AppStore|x64.ActiveCfg = Release|Any CPU
		{897EFCA3-8F3A-49E1-AA0B-529B5574EB0A}.AppStore|x64.Build.0 = Release|Any CPU
		{897EFCA3-8F3A-49E1-AA0B-529B5574EB0A}.AppStore|x64.Deploy.0 = Release|Any CPU
		{897EFCA3-8F3A-49E1-AA0B-529B5574EB0A}.AppStore|x86.ActiveCfg = Release|Any CPU
		{897EFCA3-8F3A-49E1-AA0B-529B5574EB0A}.AppStore|x86.Build.0 = Release|Any CPU
		{897EFCA3-8F3A-49E1-AA0B-529B5574EB0A}.AppStore|x86.Deploy.0 = Release|Any CPU
		{897EFCA3-8F3A-49E1-AA0B-529B5574EB0A}.Debug|Any CPU.ActiveCfg = Debug|Any CPU
		{897EFCA3-8F3A-49E1-AA0B-529B5574EB0A}.Debug|Any CPU.Build.0 = Debug|Any CPU
		{897EFCA3-8F3A-49E1-AA0B-529B5574EB0A}.Debug|Any CPU.Deploy.0 = Debug|Any CPU
		{897EFCA3-8F3A-49E1-AA0B-529B5574EB0A}.Debug|ARM.ActiveCfg = Debug|Any CPU
		{897EFCA3-8F3A-49E1-AA0B-529B5574EB0A}.Debug|ARM.Build.0 = Debug|Any CPU
		{897EFCA3-8F3A-49E1-AA0B-529B5574EB0A}.Debug|ARM.Deploy.0 = Debug|Any CPU
		{897EFCA3-8F3A-49E1-AA0B-529B5574EB0A}.Debug|iPhone.ActiveCfg = Debug|Any CPU
		{897EFCA3-8F3A-49E1-AA0B-529B5574EB0A}.Debug|iPhone.Build.0 = Debug|Any CPU
		{897EFCA3-8F3A-49E1-AA0B-529B5574EB0A}.Debug|iPhone.Deploy.0 = Debug|Any CPU
		{897EFCA3-8F3A-49E1-AA0B-529B5574EB0A}.Debug|iPhoneSimulator.ActiveCfg = Debug|Any CPU
		{897EFCA3-8F3A-49E1-AA0B-529B5574EB0A}.Debug|iPhoneSimulator.Build.0 = Debug|Any CPU
		{897EFCA3-8F3A-49E1-AA0B-529B5574EB0A}.Debug|iPhoneSimulator.Deploy.0 = Debug|Any CPU
		{897EFCA3-8F3A-49E1-AA0B-529B5574EB0A}.Debug|x64.ActiveCfg = Debug|Any CPU
		{897EFCA3-8F3A-49E1-AA0B-529B5574EB0A}.Debug|x64.Build.0 = Debug|Any CPU
		{897EFCA3-8F3A-49E1-AA0B-529B5574EB0A}.Debug|x64.Deploy.0 = Debug|Any CPU
		{897EFCA3-8F3A-49E1-AA0B-529B5574EB0A}.Debug|x86.ActiveCfg = Debug|Any CPU
		{897EFCA3-8F3A-49E1-AA0B-529B5574EB0A}.Debug|x86.Build.0 = Debug|Any CPU
		{897EFCA3-8F3A-49E1-AA0B-529B5574EB0A}.Debug|x86.Deploy.0 = Debug|Any CPU
		{897EFCA3-8F3A-49E1-AA0B-529B5574EB0A}.Release|Any CPU.ActiveCfg = Release|Any CPU
		{897EFCA3-8F3A-49E1-AA0B-529B5574EB0A}.Release|Any CPU.Build.0 = Release|Any CPU
		{897EFCA3-8F3A-49E1-AA0B-529B5574EB0A}.Release|Any CPU.Deploy.0 = Release|Any CPU
		{897EFCA3-8F3A-49E1-AA0B-529B5574EB0A}.Release|ARM.ActiveCfg = Release|Any CPU
		{897EFCA3-8F3A-49E1-AA0B-529B5574EB0A}.Release|ARM.Build.0 = Release|Any CPU
		{897EFCA3-8F3A-49E1-AA0B-529B5574EB0A}.Release|ARM.Deploy.0 = Release|Any CPU
		{897EFCA3-8F3A-49E1-AA0B-529B5574EB0A}.Release|iPhone.ActiveCfg = Release|Any CPU
		{897EFCA3-8F3A-49E1-AA0B-529B5574EB0A}.Release|iPhone.Build.0 = Release|Any CPU
		{897EFCA3-8F3A-49E1-AA0B-529B5574EB0A}.Release|iPhone.Deploy.0 = Release|Any CPU
		{897EFCA3-8F3A-49E1-AA0B-529B5574EB0A}.Release|iPhoneSimulator.ActiveCfg = Release|Any CPU
		{897EFCA3-8F3A-49E1-AA0B-529B5574EB0A}.Release|iPhoneSimulator.Build.0 = Release|Any CPU
		{897EFCA3-8F3A-49E1-AA0B-529B5574EB0A}.Release|iPhoneSimulator.Deploy.0 = Release|Any CPU
		{897EFCA3-8F3A-49E1-AA0B-529B5574EB0A}.Release|x64.ActiveCfg = Release|Any CPU
		{897EFCA3-8F3A-49E1-AA0B-529B5574EB0A}.Release|x64.Build.0 = Release|Any CPU
		{897EFCA3-8F3A-49E1-AA0B-529B5574EB0A}.Release|x64.Deploy.0 = Release|Any CPU
		{897EFCA3-8F3A-49E1-AA0B-529B5574EB0A}.Release|x86.ActiveCfg = Release|Any CPU
		{897EFCA3-8F3A-49E1-AA0B-529B5574EB0A}.Release|x86.Build.0 = Release|Any CPU
		{897EFCA3-8F3A-49E1-AA0B-529B5574EB0A}.Release|x86.Deploy.0 = Release|Any CPU
		{FAD04761-9D22-42B5-BDF3-A055DD50D37E}.Ad-Hoc|Any CPU.ActiveCfg = Ad-Hoc|iPhone
		{FAD04761-9D22-42B5-BDF3-A055DD50D37E}.Ad-Hoc|Any CPU.Build.0 = Ad-Hoc|iPhone
		{FAD04761-9D22-42B5-BDF3-A055DD50D37E}.Ad-Hoc|Any CPU.Deploy.0 = Ad-Hoc|iPhone
		{FAD04761-9D22-42B5-BDF3-A055DD50D37E}.Ad-Hoc|ARM.ActiveCfg = Ad-Hoc|iPhone
		{FAD04761-9D22-42B5-BDF3-A055DD50D37E}.Ad-Hoc|ARM.Build.0 = Ad-Hoc|iPhone
		{FAD04761-9D22-42B5-BDF3-A055DD50D37E}.Ad-Hoc|ARM.Deploy.0 = Ad-Hoc|iPhone
		{FAD04761-9D22-42B5-BDF3-A055DD50D37E}.Ad-Hoc|iPhone.ActiveCfg = Ad-Hoc|iPhone
		{FAD04761-9D22-42B5-BDF3-A055DD50D37E}.Ad-Hoc|iPhone.Build.0 = Ad-Hoc|iPhone
		{FAD04761-9D22-42B5-BDF3-A055DD50D37E}.Ad-Hoc|iPhone.Deploy.0 = Ad-Hoc|iPhone
		{FAD04761-9D22-42B5-BDF3-A055DD50D37E}.Ad-Hoc|iPhoneSimulator.ActiveCfg = Ad-Hoc|iPhoneSimulator
		{FAD04761-9D22-42B5-BDF3-A055DD50D37E}.Ad-Hoc|iPhoneSimulator.Build.0 = Ad-Hoc|iPhoneSimulator
		{FAD04761-9D22-42B5-BDF3-A055DD50D37E}.Ad-Hoc|iPhoneSimulator.Deploy.0 = Ad-Hoc|iPhoneSimulator
		{FAD04761-9D22-42B5-BDF3-A055DD50D37E}.Ad-Hoc|x64.ActiveCfg = Ad-Hoc|iPhone
		{FAD04761-9D22-42B5-BDF3-A055DD50D37E}.Ad-Hoc|x64.Build.0 = Ad-Hoc|iPhone
		{FAD04761-9D22-42B5-BDF3-A055DD50D37E}.Ad-Hoc|x64.Deploy.0 = Ad-Hoc|iPhone
		{FAD04761-9D22-42B5-BDF3-A055DD50D37E}.Ad-Hoc|x86.ActiveCfg = Ad-Hoc|iPhone
		{FAD04761-9D22-42B5-BDF3-A055DD50D37E}.Ad-Hoc|x86.Build.0 = Ad-Hoc|iPhone
		{FAD04761-9D22-42B5-BDF3-A055DD50D37E}.Ad-Hoc|x86.Deploy.0 = Ad-Hoc|iPhone
		{FAD04761-9D22-42B5-BDF3-A055DD50D37E}.AppStore|Any CPU.ActiveCfg = AppStore|iPhone
		{FAD04761-9D22-42B5-BDF3-A055DD50D37E}.AppStore|Any CPU.Build.0 = AppStore|iPhone
		{FAD04761-9D22-42B5-BDF3-A055DD50D37E}.AppStore|Any CPU.Deploy.0 = AppStore|iPhone
		{FAD04761-9D22-42B5-BDF3-A055DD50D37E}.AppStore|ARM.ActiveCfg = AppStore|iPhone
		{FAD04761-9D22-42B5-BDF3-A055DD50D37E}.AppStore|ARM.Build.0 = AppStore|iPhone
		{FAD04761-9D22-42B5-BDF3-A055DD50D37E}.AppStore|ARM.Deploy.0 = AppStore|iPhone
		{FAD04761-9D22-42B5-BDF3-A055DD50D37E}.AppStore|iPhone.ActiveCfg = AppStore|iPhone
		{FAD04761-9D22-42B5-BDF3-A055DD50D37E}.AppStore|iPhone.Build.0 = AppStore|iPhone
		{FAD04761-9D22-42B5-BDF3-A055DD50D37E}.AppStore|iPhone.Deploy.0 = AppStore|iPhone
		{FAD04761-9D22-42B5-BDF3-A055DD50D37E}.AppStore|iPhoneSimulator.ActiveCfg = AppStore|iPhoneSimulator
		{FAD04761-9D22-42B5-BDF3-A055DD50D37E}.AppStore|iPhoneSimulator.Build.0 = AppStore|iPhoneSimulator
		{FAD04761-9D22-42B5-BDF3-A055DD50D37E}.AppStore|iPhoneSimulator.Deploy.0 = AppStore|iPhoneSimulator
		{FAD04761-9D22-42B5-BDF3-A055DD50D37E}.AppStore|x64.ActiveCfg = AppStore|iPhone
		{FAD04761-9D22-42B5-BDF3-A055DD50D37E}.AppStore|x64.Build.0 = AppStore|iPhone
		{FAD04761-9D22-42B5-BDF3-A055DD50D37E}.AppStore|x64.Deploy.0 = AppStore|iPhone
		{FAD04761-9D22-42B5-BDF3-A055DD50D37E}.AppStore|x86.ActiveCfg = AppStore|iPhone
		{FAD04761-9D22-42B5-BDF3-A055DD50D37E}.AppStore|x86.Build.0 = AppStore|iPhone
		{FAD04761-9D22-42B5-BDF3-A055DD50D37E}.AppStore|x86.Deploy.0 = AppStore|iPhone
		{FAD04761-9D22-42B5-BDF3-A055DD50D37E}.Debug|Any CPU.ActiveCfg = Debug|iPhoneSimulator
		{FAD04761-9D22-42B5-BDF3-A055DD50D37E}.Debug|Any CPU.Build.0 = Debug|iPhoneSimulator
		{FAD04761-9D22-42B5-BDF3-A055DD50D37E}.Debug|Any CPU.Deploy.0 = Debug|iPhoneSimulator
		{FAD04761-9D22-42B5-BDF3-A055DD50D37E}.Debug|ARM.ActiveCfg = Debug|iPhone
		{FAD04761-9D22-42B5-BDF3-A055DD50D37E}.Debug|ARM.Build.0 = Debug|iPhone
		{FAD04761-9D22-42B5-BDF3-A055DD50D37E}.Debug|ARM.Deploy.0 = Debug|iPhone
		{FAD04761-9D22-42B5-BDF3-A055DD50D37E}.Debug|iPhone.ActiveCfg = Debug|iPhone
		{FAD04761-9D22-42B5-BDF3-A055DD50D37E}.Debug|iPhone.Build.0 = Debug|iPhone
		{FAD04761-9D22-42B5-BDF3-A055DD50D37E}.Debug|iPhone.Deploy.0 = Debug|iPhone
		{FAD04761-9D22-42B5-BDF3-A055DD50D37E}.Debug|iPhoneSimulator.ActiveCfg = Debug|iPhoneSimulator
		{FAD04761-9D22-42B5-BDF3-A055DD50D37E}.Debug|iPhoneSimulator.Build.0 = Debug|iPhoneSimulator
		{FAD04761-9D22-42B5-BDF3-A055DD50D37E}.Debug|iPhoneSimulator.Deploy.0 = Debug|iPhoneSimulator
		{FAD04761-9D22-42B5-BDF3-A055DD50D37E}.Debug|x64.ActiveCfg = Debug|iPhone
		{FAD04761-9D22-42B5-BDF3-A055DD50D37E}.Debug|x64.Build.0 = Debug|iPhone
		{FAD04761-9D22-42B5-BDF3-A055DD50D37E}.Debug|x64.Deploy.0 = Debug|iPhone
		{FAD04761-9D22-42B5-BDF3-A055DD50D37E}.Debug|x86.ActiveCfg = Debug|iPhone
		{FAD04761-9D22-42B5-BDF3-A055DD50D37E}.Debug|x86.Build.0 = Debug|iPhone
		{FAD04761-9D22-42B5-BDF3-A055DD50D37E}.Debug|x86.Deploy.0 = Debug|iPhone
		{FAD04761-9D22-42B5-BDF3-A055DD50D37E}.Release|Any CPU.ActiveCfg = Release|iPhone
		{FAD04761-9D22-42B5-BDF3-A055DD50D37E}.Release|Any CPU.Build.0 = Release|iPhone
		{FAD04761-9D22-42B5-BDF3-A055DD50D37E}.Release|Any CPU.Deploy.0 = Release|iPhone
		{FAD04761-9D22-42B5-BDF3-A055DD50D37E}.Release|ARM.ActiveCfg = Release|iPhone
		{FAD04761-9D22-42B5-BDF3-A055DD50D37E}.Release|ARM.Build.0 = Release|iPhone
		{FAD04761-9D22-42B5-BDF3-A055DD50D37E}.Release|ARM.Deploy.0 = Release|iPhone
		{FAD04761-9D22-42B5-BDF3-A055DD50D37E}.Release|iPhone.ActiveCfg = Release|iPhone
		{FAD04761-9D22-42B5-BDF3-A055DD50D37E}.Release|iPhone.Build.0 = Release|iPhone
		{FAD04761-9D22-42B5-BDF3-A055DD50D37E}.Release|iPhone.Deploy.0 = Release|iPhone
		{FAD04761-9D22-42B5-BDF3-A055DD50D37E}.Release|iPhoneSimulator.ActiveCfg = Release|iPhoneSimulator
		{FAD04761-9D22-42B5-BDF3-A055DD50D37E}.Release|iPhoneSimulator.Build.0 = Release|iPhoneSimulator
		{FAD04761-9D22-42B5-BDF3-A055DD50D37E}.Release|iPhoneSimulator.Deploy.0 = Release|iPhoneSimulator
		{FAD04761-9D22-42B5-BDF3-A055DD50D37E}.Release|x64.ActiveCfg = Release|iPhone
		{FAD04761-9D22-42B5-BDF3-A055DD50D37E}.Release|x64.Build.0 = Release|iPhone
		{FAD04761-9D22-42B5-BDF3-A055DD50D37E}.Release|x64.Deploy.0 = Release|iPhone
		{FAD04761-9D22-42B5-BDF3-A055DD50D37E}.Release|x86.ActiveCfg = Release|iPhone
		{FAD04761-9D22-42B5-BDF3-A055DD50D37E}.Release|x86.Build.0 = Release|iPhone
		{FAD04761-9D22-42B5-BDF3-A055DD50D37E}.Release|x86.Deploy.0 = Release|iPhone
		{436790C6-DFCC-49E7-8541-D0523D3916E6}.Ad-Hoc|Any CPU.ActiveCfg = Release|x86
		{436790C6-DFCC-49E7-8541-D0523D3916E6}.Ad-Hoc|Any CPU.Build.0 = Release|x86
		{436790C6-DFCC-49E7-8541-D0523D3916E6}.Ad-Hoc|Any CPU.Deploy.0 = Release|x86
		{436790C6-DFCC-49E7-8541-D0523D3916E6}.Ad-Hoc|ARM.ActiveCfg = Release|ARM
		{436790C6-DFCC-49E7-8541-D0523D3916E6}.Ad-Hoc|ARM.Build.0 = Release|ARM
		{436790C6-DFCC-49E7-8541-D0523D3916E6}.Ad-Hoc|ARM.Deploy.0 = Release|ARM
		{436790C6-DFCC-49E7-8541-D0523D3916E6}.Ad-Hoc|iPhone.ActiveCfg = Release|x86
		{436790C6-DFCC-49E7-8541-D0523D3916E6}.Ad-Hoc|iPhone.Build.0 = Release|x86
		{436790C6-DFCC-49E7-8541-D0523D3916E6}.Ad-Hoc|iPhone.Deploy.0 = Release|x86
		{436790C6-DFCC-49E7-8541-D0523D3916E6}.Ad-Hoc|iPhoneSimulator.ActiveCfg = Release|x86
		{436790C6-DFCC-49E7-8541-D0523D3916E6}.Ad-Hoc|iPhoneSimulator.Build.0 = Release|x86
		{436790C6-DFCC-49E7-8541-D0523D3916E6}.Ad-Hoc|iPhoneSimulator.Deploy.0 = Release|x86
		{436790C6-DFCC-49E7-8541-D0523D3916E6}.Ad-Hoc|x64.ActiveCfg = Release|x64
		{436790C6-DFCC-49E7-8541-D0523D3916E6}.Ad-Hoc|x64.Build.0 = Release|x64
		{436790C6-DFCC-49E7-8541-D0523D3916E6}.Ad-Hoc|x64.Deploy.0 = Release|x64
		{436790C6-DFCC-49E7-8541-D0523D3916E6}.Ad-Hoc|x86.ActiveCfg = Release|x86
		{436790C6-DFCC-49E7-8541-D0523D3916E6}.Ad-Hoc|x86.Build.0 = Release|x86
		{436790C6-DFCC-49E7-8541-D0523D3916E6}.Ad-Hoc|x86.Deploy.0 = Release|x86
		{436790C6-DFCC-49E7-8541-D0523D3916E6}.AppStore|Any CPU.ActiveCfg = Release|x86
		{436790C6-DFCC-49E7-8541-D0523D3916E6}.AppStore|Any CPU.Build.0 = Release|x86
		{436790C6-DFCC-49E7-8541-D0523D3916E6}.AppStore|Any CPU.Deploy.0 = Release|x86
		{436790C6-DFCC-49E7-8541-D0523D3916E6}.AppStore|ARM.ActiveCfg = Release|ARM
		{436790C6-DFCC-49E7-8541-D0523D3916E6}.AppStore|ARM.Build.0 = Release|ARM
		{436790C6-DFCC-49E7-8541-D0523D3916E6}.AppStore|ARM.Deploy.0 = Release|ARM
		{436790C6-DFCC-49E7-8541-D0523D3916E6}.AppStore|iPhone.ActiveCfg = Release|x86
		{436790C6-DFCC-49E7-8541-D0523D3916E6}.AppStore|iPhone.Build.0 = Release|x86
		{436790C6-DFCC-49E7-8541-D0523D3916E6}.AppStore|iPhone.Deploy.0 = Release|x86
		{436790C6-DFCC-49E7-8541-D0523D3916E6}.AppStore|iPhoneSimulator.ActiveCfg = Release|x86
		{436790C6-DFCC-49E7-8541-D0523D3916E6}.AppStore|iPhoneSimulator.Build.0 = Release|x86
		{436790C6-DFCC-49E7-8541-D0523D3916E6}.AppStore|iPhoneSimulator.Deploy.0 = Release|x86
		{436790C6-DFCC-49E7-8541-D0523D3916E6}.AppStore|x64.ActiveCfg = Release|x64
		{436790C6-DFCC-49E7-8541-D0523D3916E6}.AppStore|x64.Build.0 = Release|x64
		{436790C6-DFCC-49E7-8541-D0523D3916E6}.AppStore|x64.Deploy.0 = Release|x64
		{436790C6-DFCC-49E7-8541-D0523D3916E6}.AppStore|x86.ActiveCfg = Release|x86
		{436790C6-DFCC-49E7-8541-D0523D3916E6}.AppStore|x86.Build.0 = Release|x86
		{436790C6-DFCC-49E7-8541-D0523D3916E6}.AppStore|x86.Deploy.0 = Release|x86
		{436790C6-DFCC-49E7-8541-D0523D3916E6}.Debug|Any CPU.ActiveCfg = Debug|x86
		{436790C6-DFCC-49E7-8541-D0523D3916E6}.Debug|ARM.ActiveCfg = Debug|ARM
		{436790C6-DFCC-49E7-8541-D0523D3916E6}.Debug|ARM.Build.0 = Debug|ARM
		{436790C6-DFCC-49E7-8541-D0523D3916E6}.Debug|ARM.Deploy.0 = Debug|ARM
		{436790C6-DFCC-49E7-8541-D0523D3916E6}.Debug|iPhone.ActiveCfg = Debug|x86
		{436790C6-DFCC-49E7-8541-D0523D3916E6}.Debug|iPhoneSimulator.ActiveCfg = Debug|x86
		{436790C6-DFCC-49E7-8541-D0523D3916E6}.Debug|x64.ActiveCfg = Debug|x64
		{436790C6-DFCC-49E7-8541-D0523D3916E6}.Debug|x64.Build.0 = Debug|x64
		{436790C6-DFCC-49E7-8541-D0523D3916E6}.Debug|x64.Deploy.0 = Debug|x64
		{436790C6-DFCC-49E7-8541-D0523D3916E6}.Debug|x86.ActiveCfg = Debug|x86
		{436790C6-DFCC-49E7-8541-D0523D3916E6}.Debug|x86.Build.0 = Debug|x86
		{436790C6-DFCC-49E7-8541-D0523D3916E6}.Debug|x86.Deploy.0 = Debug|x86
		{436790C6-DFCC-49E7-8541-D0523D3916E6}.Release|Any CPU.ActiveCfg = Release|x86
		{436790C6-DFCC-49E7-8541-D0523D3916E6}.Release|ARM.ActiveCfg = Release|ARM
		{436790C6-DFCC-49E7-8541-D0523D3916E6}.Release|ARM.Build.0 = Release|ARM
		{436790C6-DFCC-49E7-8541-D0523D3916E6}.Release|ARM.Deploy.0 = Release|ARM
		{436790C6-DFCC-49E7-8541-D0523D3916E6}.Release|iPhone.ActiveCfg = Release|x86
		{436790C6-DFCC-49E7-8541-D0523D3916E6}.Release|iPhoneSimulator.ActiveCfg = Release|x86
		{436790C6-DFCC-49E7-8541-D0523D3916E6}.Release|x64.ActiveCfg = Release|x64
		{436790C6-DFCC-49E7-8541-D0523D3916E6}.Release|x64.Build.0 = Release|x64
		{436790C6-DFCC-49E7-8541-D0523D3916E6}.Release|x64.Deploy.0 = Release|x64
		{436790C6-DFCC-49E7-8541-D0523D3916E6}.Release|x86.ActiveCfg = Release|x86
		{436790C6-DFCC-49E7-8541-D0523D3916E6}.Release|x86.Build.0 = Release|x86
		{436790C6-DFCC-49E7-8541-D0523D3916E6}.Release|x86.Deploy.0 = Release|x86
		{18B4F568-8C05-4802-9953-4F3E0068E9BC}.Ad-Hoc|Any CPU.ActiveCfg = Debug|Any CPU
		{18B4F568-8C05-4802-9953-4F3E0068E9BC}.Ad-Hoc|Any CPU.Build.0 = Debug|Any CPU
		{18B4F568-8C05-4802-9953-4F3E0068E9BC}.Ad-Hoc|Any CPU.Deploy.0 = Debug|Any CPU
		{18B4F568-8C05-4802-9953-4F3E0068E9BC}.Ad-Hoc|ARM.ActiveCfg = Debug|Any CPU
		{18B4F568-8C05-4802-9953-4F3E0068E9BC}.Ad-Hoc|ARM.Build.0 = Debug|Any CPU
		{18B4F568-8C05-4802-9953-4F3E0068E9BC}.Ad-Hoc|ARM.Deploy.0 = Debug|Any CPU
		{18B4F568-8C05-4802-9953-4F3E0068E9BC}.Ad-Hoc|iPhone.ActiveCfg = Debug|Any CPU
		{18B4F568-8C05-4802-9953-4F3E0068E9BC}.Ad-Hoc|iPhone.Build.0 = Debug|Any CPU
		{18B4F568-8C05-4802-9953-4F3E0068E9BC}.Ad-Hoc|iPhone.Deploy.0 = Debug|Any CPU
		{18B4F568-8C05-4802-9953-4F3E0068E9BC}.Ad-Hoc|iPhoneSimulator.ActiveCfg = Debug|Any CPU
		{18B4F568-8C05-4802-9953-4F3E0068E9BC}.Ad-Hoc|iPhoneSimulator.Build.0 = Debug|Any CPU
		{18B4F568-8C05-4802-9953-4F3E0068E9BC}.Ad-Hoc|iPhoneSimulator.Deploy.0 = Debug|Any CPU
		{18B4F568-8C05-4802-9953-4F3E0068E9BC}.Ad-Hoc|x64.ActiveCfg = Debug|Any CPU
		{18B4F568-8C05-4802-9953-4F3E0068E9BC}.Ad-Hoc|x64.Build.0 = Debug|Any CPU
		{18B4F568-8C05-4802-9953-4F3E0068E9BC}.Ad-Hoc|x64.Deploy.0 = Debug|Any CPU
		{18B4F568-8C05-4802-9953-4F3E0068E9BC}.Ad-Hoc|x86.ActiveCfg = Debug|Any CPU
		{18B4F568-8C05-4802-9953-4F3E0068E9BC}.Ad-Hoc|x86.Build.0 = Debug|Any CPU
		{18B4F568-8C05-4802-9953-4F3E0068E9BC}.Ad-Hoc|x86.Deploy.0 = Debug|Any CPU
		{18B4F568-8C05-4802-9953-4F3E0068E9BC}.AppStore|Any CPU.ActiveCfg = Debug|Any CPU
		{18B4F568-8C05-4802-9953-4F3E0068E9BC}.AppStore|Any CPU.Build.0 = Debug|Any CPU
		{18B4F568-8C05-4802-9953-4F3E0068E9BC}.AppStore|Any CPU.Deploy.0 = Debug|Any CPU
		{18B4F568-8C05-4802-9953-4F3E0068E9BC}.AppStore|ARM.ActiveCfg = Debug|Any CPU
		{18B4F568-8C05-4802-9953-4F3E0068E9BC}.AppStore|ARM.Build.0 = Debug|Any CPU
		{18B4F568-8C05-4802-9953-4F3E0068E9BC}.AppStore|ARM.Deploy.0 = Debug|Any CPU
		{18B4F568-8C05-4802-9953-4F3E0068E9BC}.AppStore|iPhone.ActiveCfg = Debug|Any CPU
		{18B4F568-8C05-4802-9953-4F3E0068E9BC}.AppStore|iPhone.Build.0 = Debug|Any CPU
		{18B4F568-8C05-4802-9953-4F3E0068E9BC}.AppStore|iPhone.Deploy.0 = Debug|Any CPU
		{18B4F568-8C05-4802-9953-4F3E0068E9BC}.AppStore|iPhoneSimulator.ActiveCfg = Debug|Any CPU
		{18B4F568-8C05-4802-9953-4F3E0068E9BC}.AppStore|iPhoneSimulator.Build.0 = Debug|Any CPU
		{18B4F568-8C05-4802-9953-4F3E0068E9BC}.AppStore|iPhoneSimulator.Deploy.0 = Debug|Any CPU
		{18B4F568-8C05-4802-9953-4F3E0068E9BC}.AppStore|x64.ActiveCfg = Debug|Any CPU
		{18B4F568-8C05-4802-9953-4F3E0068E9BC}.AppStore|x64.Build.0 = Debug|Any CPU
		{18B4F568-8C05-4802-9953-4F3E0068E9BC}.AppStore|x64.Deploy.0 = Debug|Any CPU
		{18B4F568-8C05-4802-9953-4F3E0068E9BC}.AppStore|x86.ActiveCfg = Debug|Any CPU
		{18B4F568-8C05-4802-9953-4F3E0068E9BC}.AppStore|x86.Build.0 = Debug|Any CPU
		{18B4F568-8C05-4802-9953-4F3E0068E9BC}.AppStore|x86.Deploy.0 = Debug|Any CPU
		{18B4F568-8C05-4802-9953-4F3E0068E9BC}.Debug|Any CPU.ActiveCfg = Debug|Any CPU
		{18B4F568-8C05-4802-9953-4F3E0068E9BC}.Debug|Any CPU.Build.0 = Debug|Any CPU
		{18B4F568-8C05-4802-9953-4F3E0068E9BC}.Debug|Any CPU.Deploy.0 = Debug|Any CPU
		{18B4F568-8C05-4802-9953-4F3E0068E9BC}.Debug|ARM.ActiveCfg = Debug|Any CPU
		{18B4F568-8C05-4802-9953-4F3E0068E9BC}.Debug|ARM.Build.0 = Debug|Any CPU
		{18B4F568-8C05-4802-9953-4F3E0068E9BC}.Debug|ARM.Deploy.0 = Debug|Any CPU
		{18B4F568-8C05-4802-9953-4F3E0068E9BC}.Debug|iPhone.ActiveCfg = Debug|Any CPU
		{18B4F568-8C05-4802-9953-4F3E0068E9BC}.Debug|iPhone.Build.0 = Debug|Any CPU
		{18B4F568-8C05-4802-9953-4F3E0068E9BC}.Debug|iPhone.Deploy.0 = Debug|Any CPU
		{18B4F568-8C05-4802-9953-4F3E0068E9BC}.Debug|iPhoneSimulator.ActiveCfg = Debug|Any CPU
		{18B4F568-8C05-4802-9953-4F3E0068E9BC}.Debug|iPhoneSimulator.Build.0 = Debug|Any CPU
		{18B4F568-8C05-4802-9953-4F3E0068E9BC}.Debug|iPhoneSimulator.Deploy.0 = Debug|Any CPU
		{18B4F568-8C05-4802-9953-4F3E0068E9BC}.Debug|x64.ActiveCfg = Debug|Any CPU
		{18B4F568-8C05-4802-9953-4F3E0068E9BC}.Debug|x64.Build.0 = Debug|Any CPU
		{18B4F568-8C05-4802-9953-4F3E0068E9BC}.Debug|x64.Deploy.0 = Debug|Any CPU
		{18B4F568-8C05-4802-9953-4F3E0068E9BC}.Debug|x86.ActiveCfg = Debug|Any CPU
		{18B4F568-8C05-4802-9953-4F3E0068E9BC}.Debug|x86.Build.0 = Debug|Any CPU
		{18B4F568-8C05-4802-9953-4F3E0068E9BC}.Debug|x86.Deploy.0 = Debug|Any CPU
		{18B4F568-8C05-4802-9953-4F3E0068E9BC}.Release|Any CPU.ActiveCfg = Release|Any CPU
		{18B4F568-8C05-4802-9953-4F3E0068E9BC}.Release|Any CPU.Build.0 = Release|Any CPU
		{18B4F568-8C05-4802-9953-4F3E0068E9BC}.Release|Any CPU.Deploy.0 = Release|Any CPU
		{18B4F568-8C05-4802-9953-4F3E0068E9BC}.Release|ARM.ActiveCfg = Release|Any CPU
		{18B4F568-8C05-4802-9953-4F3E0068E9BC}.Release|ARM.Build.0 = Release|Any CPU
		{18B4F568-8C05-4802-9953-4F3E0068E9BC}.Release|ARM.Deploy.0 = Release|Any CPU
		{18B4F568-8C05-4802-9953-4F3E0068E9BC}.Release|iPhone.ActiveCfg = Release|Any CPU
		{18B4F568-8C05-4802-9953-4F3E0068E9BC}.Release|iPhone.Build.0 = Release|Any CPU
		{18B4F568-8C05-4802-9953-4F3E0068E9BC}.Release|iPhone.Deploy.0 = Release|Any CPU
		{18B4F568-8C05-4802-9953-4F3E0068E9BC}.Release|iPhoneSimulator.ActiveCfg = Release|Any CPU
		{18B4F568-8C05-4802-9953-4F3E0068E9BC}.Release|iPhoneSimulator.Build.0 = Release|Any CPU
		{18B4F568-8C05-4802-9953-4F3E0068E9BC}.Release|iPhoneSimulator.Deploy.0 = Release|Any CPU
		{18B4F568-8C05-4802-9953-4F3E0068E9BC}.Release|x64.ActiveCfg = Release|Any CPU
		{18B4F568-8C05-4802-9953-4F3E0068E9BC}.Release|x64.Build.0 = Release|Any CPU
		{18B4F568-8C05-4802-9953-4F3E0068E9BC}.Release|x64.Deploy.0 = Release|Any CPU
		{18B4F568-8C05-4802-9953-4F3E0068E9BC}.Release|x86.ActiveCfg = Release|Any CPU
		{18B4F568-8C05-4802-9953-4F3E0068E9BC}.Release|x86.Build.0 = Release|Any CPU
		{18B4F568-8C05-4802-9953-4F3E0068E9BC}.Release|x86.Deploy.0 = Release|Any CPU
	EndGlobalSection
	GlobalSection(SolutionProperties) = preSolution
		HideSolutionNode = FALSE
	EndGlobalSection
	GlobalSection(ExtensibilityGlobals) = postSolution
		SolutionGuid = {FE5D04FC-7956-4EF7-A6E0-15DAD00D6A78}
	EndGlobalSection
EndGlobal
